{
  "name": "jwks-helper-script",
  "version": "1.0.0",
  "lockfileVersion": 3,
  "requires": true,
  "packages": {
    "": {
      "name": "jwks-helper-script",
      "version": "1.0.0",
      "dependencies": {
        "jose": "^5.6.3"
      },
      "devDependencies": {}
    },
    "node_modules/jose": {
      "version": "5.6.3",
      "resolved": "https://registry.npmjs.org/jose/-/jose-5.6.3.tgz",
      "integrity": "sha512-1Jh//hEEwMhNYPDDLwXHa2ePWgWiFNNUadVmguAAw2IJ6sj9mNxV5tGXJNqlMkJAybF6Lgw1mISDxTePP/187g==",
      "funding": {
        "url": "https://github.com/sponsors/panva"
      }
    }
  }
}
